
Microsoft Visual Studio Solution File, Format Version 12.00
# Visual Studio Version 17
VisualStudioVersion = 17.6.33815.320
MinimumVisualStudioVersion = 10.0.40219.1
Project("{9A19103F-16F7-4668-BE54-9A1E7A4F7556}") = "Data Visualizer", "Data Visualizer.csproj", "{BA78F4C7-47A2-4FAD-B762-E5CA77C25496}"
EndProject
Global
	GlobalSection(SolutionConfigurationPlatforms) = preSolution
		Debug|Any CPU = Debug|Any CPU
		Release|Any CPU = Release|Any CPU
	EndGlobalSection
	GlobalSection(ProjectConfigurationPlatforms) = postSolution
		{BA78F4C7-47A2-4FAD-B762-E5CA77C25496}.Debug|Any CPU.ActiveCfg = Debug|Any CPU
		{BA78F4C7-47A2-4FAD-B762-E5CA77C25496}.Debug|Any CPU.Build.0 = Debug|Any CPU
		{BA78F4C7-47A2-4FAD-B762-E5CA77C25496}.Release|Any CPU.ActiveCfg = Release|Any CPU
		{BA78F4C7-47A2-4FAD-B762-E5CA77C25496}.Release|Any CPU.Build.0 = Release|Any CPU
	EndGlobalSection
	GlobalSection(SolutionProperties) = preSolution
		HideSolutionNode = FALSE
	EndGlobalSection
	GlobalSection(ExtensibilityGlobals) = postSolution
		SolutionGuid = {C49A0B7F-E231-4BEC-B7DE-B245E22E2AF2}
	EndGlobalSection
EndGlobal
